
Microsoft Visual Studio Solution File, Format Version 12.00
# Visual Studio Version 17
VisualStudioVersion = 17.4.33213.308
MinimumVisualStudioVersion = 10.0.40219.1
Project("{9A19103F-16F7-4668-BE54-9A1E7A4F7556}") = "BlazorStudentApp", "BlazorStudentApp\BlazorStudentApp.csproj", "{F756E90F-BD45-4762-BE8D-41B5E0B7E815}"
EndProject
Project("{FAE04EC0-301F-11D3-BF4B-00C04F79EFBC}") = "BlazorStudentApp.Tests", "BlazorStudentApp.Tests\BlazorStudentApp.Tests.csproj", "{81512A16-596E-4C34-A8FF-53022988B3EB}"
EndProject
Global
	GlobalSection(SolutionConfigurationPlatforms) = preSolution
		Debug|Any CPU = Debug|Any CPU
		Release|Any CPU = Release|Any CPU
	EndGlobalSection
	GlobalSection(ProjectConfigurationPlatforms) = postSolution
		{F756E90F-BD45-4762-BE8D-41B5E0B7E815}.Debug|Any CPU.ActiveCfg = Debug|Any CPU
		{F756E90F-BD45-4762-BE8D-41B5E0B7E815}.Debug|Any CPU.Build.0 = Debug|Any CPU
		{F756E90F-BD45-4762-BE8D-41B5E0B7E815}.Release|Any CPU.ActiveCfg = Release|Any CPU
		{F756E90F-BD45-4762-BE8D-41B5E0B7E815}.Release|Any CPU.Build.0 = Release|Any CPU
		{81512A16-596E-4C34-A8FF-53022988B3EB}.Debug|Any CPU.ActiveCfg = Debug|Any CPU
		{81512A16-596E-4C34-A8FF-53022988B3EB}.Debug|Any CPU.Build.0 = Debug|Any CPU
		{81512A16-596E-4C34-A8FF-53022988B3EB}.Release|Any CPU.ActiveCfg = Release|Any CPU
		{81512A16-596E-4C34-A8FF-53022988B3EB}.Release|Any CPU.Build.0 = Release|Any CPU
	EndGlobalSection
	GlobalSection(SolutionProperties) = preSolution
		HideSolutionNode = FALSE
	EndGlobalSection
	GlobalSection(ExtensibilityGlobals) = postSolution
		SolutionGuid = {B3FAD5A1-BD2A-47E9-B170-06159C687278}
	EndGlobalSection
EndGlobal
